
Microsoft Visual Studio Solution File, Format Version 12.00
# Visual Studio 15
VisualStudioVersion = 15.0.27428.2037
MinimumVisualStudioVersion = 10.0.40219.1
Project("{FAE04EC0-301F-11D3-BF4B-00C04F79EFBC}") = "Chat to Callsheet Tool", "Chat to Callsheet Tool\Chat to Callsheet Tool.csproj", "{079D9278-C352-4E8F-BE22-BDA509294892}"
EndProject
Global
	GlobalSection(SolutionConfigurationPlatforms) = preSolution
		Debug|Any CPU = Debug|Any CPU
		Release|Any CPU = Release|Any CPU
	EndGlobalSection
	GlobalSection(ProjectConfigurationPlatforms) = postSolution
		{079D9278-C352-4E8F-BE22-BDA509294892}.Debug|Any CPU.ActiveCfg = Debug|Any CPU
		{079D9278-C352-4E8F-BE22-BDA509294892}.Debug|Any CPU.Build.0 = Debug|Any CPU
		{079D9278-C352-4E8F-BE22-BDA509294892}.Release|Any CPU.ActiveCfg = Release|Any CPU
		{079D9278-C352-4E8F-BE22-BDA509294892}.Release|Any CPU.Build.0 = Release|Any CPU
	EndGlobalSection
	GlobalSection(SolutionProperties) = preSolution
		HideSolutionNode = FALSE
	EndGlobalSection
	GlobalSection(ExtensibilityGlobals) = postSolution
		SolutionGuid = {4D6BA40F-086E-472D-988A-A0CCD44FA912}
	EndGlobalSection
EndGlobal
